
Microsoft Visual Studio Solution File, Format Version 12.00
# Visual Studio Version 17
VisualStudioVersion = 17.4.33205.214
MinimumVisualStudioVersion = 10.0.40219.1
Project("{FAE04EC0-301F-11D3-BF4B-00C04F79EFBC}") = "TDD_workshop", "TDD_workshop\TDD_workshop.csproj", "{C90484B9-F98E-4322-83E3-77180AA4EC46}"
EndProject
Global
	GlobalSection(SolutionConfigurationPlatforms) = preSolution
		Debug|Any CPU = Debug|Any CPU
		Release|Any CPU = Release|Any CPU
	EndGlobalSection
	GlobalSection(ProjectConfigurationPlatforms) = postSolution
		{C90484B9-F98E-4322-83E3-77180AA4EC46}.Debug|Any CPU.ActiveCfg = Debug|Any CPU
		{C90484B9-F98E-4322-83E3-77180AA4EC46}.Debug|Any CPU.Build.0 = Debug|Any CPU
		{C90484B9-F98E-4322-83E3-77180AA4EC46}.Release|Any CPU.ActiveCfg = Release|Any CPU
		{C90484B9-F98E-4322-83E3-77180AA4EC46}.Release|Any CPU.Build.0 = Release|Any CPU
	EndGlobalSection
	GlobalSection(SolutionProperties) = preSolution
		HideSolutionNode = FALSE
	EndGlobalSection
	GlobalSection(ExtensibilityGlobals) = postSolution
		SolutionGuid = {5CA63799-7C1F-4142-B711-D46E2D5175EF}
	EndGlobalSection
EndGlobal
